// !$*UTF8*$!
{
	archiveVersion = 1;
	classes = {
	};
	objectVersion = 56;
	objects = {

/* Begin PBXBuildFile section */
		D552D58128EEEA3F0086F205 /* AppDelegate.swift in Sources */ = {isa = PBXBuildFile; fileRef = D552D58028EEEA3F0086F205 /* AppDelegate.swift */; };
		D552D58328EEEA3F0086F205 /* SceneDelegate.swift in Sources */ = {isa = PBXBuildFile; fileRef = D552D58228EEEA3F0086F205 /* SceneDelegate.swift */; };
		D552D58528EEEA3F0086F205 /* ShopViewController.swift in Sources */ = {isa = PBXBuildFile; fileRef = D552D58428EEEA3F0086F205 /* ShopViewController.swift */; };
		D552D58A28EEEA410086F205 /* Assets.xcassets in Resources */ = {isa = PBXBuildFile; fileRef = D552D58928EEEA410086F205 /* Assets.xcassets */; };
		D552D58D28EEEA410086F205 /* LaunchScreen.storyboard in Resources */ = {isa = PBXBuildFile; fileRef = D552D58B28EEEA410086F205 /* LaunchScreen.storyboard */; };
		D552D59728EF16910086F205 /* StoreTabBarViewController.swift in Sources */ = {isa = PBXBuildFile; fileRef = D552D59628EF16910086F205 /* StoreTabBarViewController.swift */; };
		D552D59928EF18FE0086F205 /* SessionsViewController.swift in Sources */ = {isa = PBXBuildFile; fileRef = D552D59828EF18FE0086F205 /* SessionsViewController.swift */; };
		D552D59B28EF19740086F205 /* ForYouViewController.swift in Sources */ = {isa = PBXBuildFile; fileRef = D552D59A28EF19740086F205 /* ForYouViewController.swift */; };
		D552D59D28EF19D00086F205 /* SearchViewController.swift in Sources */ = {isa = PBXBuildFile; fileRef = D552D59C28EF19D00086F205 /* SearchViewController.swift */; };
		D552D59F28EF19DB0086F205 /* BagViewController.swift in Sources */ = {isa = PBXBuildFile; fileRef = D552D59E28EF19DB0086F205 /* BagViewController.swift */; };
		D552D5A128EF78A70086F205 /* ImageInfoViewController.swift in Sources */ = {isa = PBXBuildFile; fileRef = D552D5A028EF78A70086F205 /* ImageInfoViewController.swift */; };
		D562E6B228F223950022F271 /* Product.swift in Sources */ = {isa = PBXBuildFile; fileRef = D562E6B128F223950022F271 /* Product.swift */; };
		D562E6B728F4705A0022F271 /* OnlineStoreViewController.swift in Sources */ = {isa = PBXBuildFile; fileRef = D562E6B628F4705A0022F271 /* OnlineStoreViewController.swift */; };
		D562E6B928F57FFB0022F271 /* iOSNotesForProfessionals.pdf in Resources */ = {isa = PBXBuildFile; fileRef = D562E6B828F57FFB0022F271 /* iOSNotesForProfessionals.pdf */; };
/* End PBXBuildFile section */

/* Begin PBXFileReference section */
		D552D57D28EEEA3F0086F205 /* AppleStore.app */ = {isa = PBXFileReference; explicitFileType = wrapper.application; includeInIndex = 0; path = AppleStore.app; sourceTree = BUILT_PRODUCTS_DIR; };
		D552D58028EEEA3F0086F205 /* AppDelegate.swift */ = {isa = PBXFileReference; lastKnownFileType = sourcecode.swift; path = AppDelegate.swift; sourceTree = "<group>"; };
		D552D58228EEEA3F0086F205 /* SceneDelegate.swift */ = {isa = PBXFileReference; lastKnownFileType = sourcecode.swift; path = SceneDelegate.swift; sourceTree = "<group>"; };
		D552D58428EEEA3F0086F205 /* ShopViewController.swift */ = {isa = PBXFileReference; lastKnownFileType = sourcecode.swift; path = ShopViewController.swift; sourceTree = "<group>"; };
		D552D58928EEEA410086F205 /* Assets.xcassets */ = {isa = PBXFileReference; lastKnownFileType = folder.assetcatalog; path = Assets.xcassets; sourceTree = "<group>"; };
		D552D58C28EEEA410086F205 /* Base */ = {isa = PBXFileReference; lastKnownFileType = file.storyboard; name = Base; path = Base.lproj/LaunchScreen.storyboard; sourceTree = "<group>"; };
		D552D58E28EEEA410086F205 /* Info.plist */ = {isa = PBXFileReference; lastKnownFileType = text.plist.xml; path = Info.plist; sourceTree = "<group>"; };
		D552D59628EF16910086F205 /* StoreTabBarViewController.swift */ = {isa = PBXFileReference; lastKnownFileType = sourcecode.swift; path = StoreTabBarViewController.swift; sourceTree = "<group>"; };
		D552D59828EF18FE0086F205 /* SessionsViewController.swift */ = {isa = PBXFileReference; lastKnownFileType = sourcecode.swift; path = SessionsViewController.swift; sourceTree = "<group>"; };
		D552D59A28EF19740086F205 /* ForYouViewController.swift */ = {isa = PBXFileReference; lastKnownFileType = sourcecode.swift; path = ForYouViewController.swift; sourceTree = "<group>"; };
		D552D59C28EF19D00086F205 /* SearchViewController.swift */ = {isa = PBXFileReference; lastKnownFileType = sourcecode.swift; path = SearchViewController.swift; sourceTree = "<group>"; };
		D552D59E28EF19DB0086F205 /* BagViewController.swift */ = {isa = PBXFileReference; lastKnownFileType = sourcecode.swift; path = BagViewController.swift; sourceTree = "<group>"; };
		D552D5A028EF78A70086F205 /* ImageInfoViewController.swift */ = {isa = PBXFileReference; lastKnownFileType = sourcecode.swift; path = ImageInfoViewController.swift; sourceTree = "<group>"; };
		D562E6B128F223950022F271 /* Product.swift */ = {isa = PBXFileReference; lastKnownFileType = sourcecode.swift; path = Product.swift; sourceTree = "<group>"; };
		D562E6B628F4705A0022F271 /* OnlineStoreViewController.swift */ = {isa = PBXFileReference; lastKnownFileType = sourcecode.swift; path = OnlineStoreViewController.swift; sourceTree = "<group>"; };
		D562E6B828F57FFB0022F271 /* iOSNotesForProfessionals.pdf */ = {isa = PBXFileReference; lastKnownFileType = image.pdf; name = iOSNotesForProfessionals.pdf; path = ../../../../Desktop/iOSNotesForProfessionals.pdf; sourceTree = "<group>"; };
/* End PBXFileReference section */

/* Begin PBXFrameworksBuildPhase section */
		D552D57A28EEEA3F0086F205 /* Frameworks */ = {
			isa = PBXFrameworksBuildPhase;
			buildActionMask = 2147483647;
			files = (
			);
			runOnlyForDeploymentPostprocessing = 0;
		};
/* End PBXFrameworksBuildPhase section */

/* Begin PBXGroup section */
		D552D57428EEEA3F0086F205 = {
			isa = PBXGroup;
			children = (
				D552D57F28EEEA3F0086F205 /* AppleStore */,
				D552D57E28EEEA3F0086F205 /* Products */,
			);
			sourceTree = "<group>";
		};
		D552D57E28EEEA3F0086F205 /* Products */ = {
			isa = PBXGroup;
			children = (
				D552D57D28EEEA3F0086F205 /* AppleStore.app */,
			);
			name = Products;
			sourceTree = "<group>";
		};
		D552D57F28EEEA3F0086F205 /* AppleStore */ = {
			isa = PBXGroup;
			children = (
				D552D58028EEEA3F0086F205 /* AppDelegate.swift */,
				D552D58228EEEA3F0086F205 /* SceneDelegate.swift */,
				D562E6B428F46FB40022F271 /* ViewControllers */,
				D562E6B328F2239F0022F271 /* ProductModel */,
				D552D58928EEEA410086F205 /* Assets.xcassets */,
				D552D58B28EEEA410086F205 /* LaunchScreen.storyboard */,
				D552D58E28EEEA410086F205 /* Info.plist */,
				D562E6B828F57FFB0022F271 /* iOSNotesForProfessionals.pdf */,
			);
			path = AppleStore;
			sourceTree = "<group>";
		};
		D562E6B328F2239F0022F271 /* ProductModel */ = {
			isa = PBXGroup;
			children = (
				D562E6B128F223950022F271 /* Product.swift */,
			);
			path = ProductModel;
			sourceTree = "<group>";
		};
		D562E6B428F46FB40022F271 /* ViewControllers */ = {
			isa = PBXGroup;
			children = (
				D552D59628EF16910086F205 /* StoreTabBarViewController.swift */,
				D552D58428EEEA3F0086F205 /* ShopViewController.swift */,
				D552D59828EF18FE0086F205 /* SessionsViewController.swift */,
				D552D59A28EF19740086F205 /* ForYouViewController.swift */,
				D562E6B528F46FDE0022F271 /* Search */,
				D552D59E28EF19DB0086F205 /* BagViewController.swift */,
			);
			path = ViewControllers;
			sourceTree = "<group>";
		};
		D562E6B528F46FDE0022F271 /* Search */ = {
			isa = PBXGroup;
			children = (
				D552D59C28EF19D00086F205 /* SearchViewController.swift */,
				D552D5A028EF78A70086F205 /* ImageInfoViewController.swift */,
				D562E6B628F4705A0022F271 /* OnlineStoreViewController.swift */,
			);
			path = Search;
			sourceTree = "<group>";
		};
/* End PBXGroup section */

/* Begin PBXNativeTarget section */
		D552D57C28EEEA3F0086F205 /* AppleStore */ = {
			isa = PBXNativeTarget;
			buildConfigurationList = D552D59128EEEA410086F205 /* Build configuration list for PBXNativeTarget "AppleStore" */;
			buildPhases = (
				D552D59528EEEAA10086F205 /* SwiftLint */,
				D552D57928EEEA3F0086F205 /* Sources */,
				D552D57A28EEEA3F0086F205 /* Frameworks */,
				D552D57B28EEEA3F0086F205 /* Resources */,
			);
			buildRules = (
			);
			dependencies = (
			);
			name = AppleStore;
			productName = AppleStore;
			productReference = D552D57D28EEEA3F0086F205 /* AppleStore.app */;
			productType = "com.apple.product-type.application";
		};
/* End PBXNativeTarget section */

/* Begin PBXProject section */
		D552D57528EEEA3F0086F205 /* Project object */ = {
			isa = PBXProject;
			attributes = {
				BuildIndependentTargetsInParallel = 1;
				LastSwiftUpdateCheck = 1400;
				LastUpgradeCheck = 1400;
				TargetAttributes = {
					D552D57C28EEEA3F0086F205 = {
						CreatedOnToolsVersion = 14.0;
					};
				};
			};
			buildConfigurationList = D552D57828EEEA3F0086F205 /* Build configuration list for PBXProject "AppleStore" */;
			compatibilityVersion = "Xcode 14.0";
			developmentRegion = en;
			hasScannedForEncodings = 0;
			knownRegions = (
				en,
				Base,
			);
			mainGroup = D552D57428EEEA3F0086F205;
			productRefGroup = D552D57E28EEEA3F0086F205 /* Products */;
			projectDirPath = "";
			projectRoot = "";
			targets = (
				D552D57C28EEEA3F0086F205 /* AppleStore */,
			);
		};
/* End PBXProject section */

/* Begin PBXResourcesBuildPhase section */
		D552D57B28EEEA3F0086F205 /* Resources */ = {
			isa = PBXResourcesBuildPhase;
			buildActionMask = 2147483647;
			files = (
				D552D58D28EEEA410086F205 /* LaunchScreen.storyboard in Resources */,
				D562E6B928F57FFB0022F271 /* iOSNotesForProfessionals.pdf in Resources */,
				D552D58A28EEEA410086F205 /* Assets.xcassets in Resources */,
			);
			runOnlyForDeploymentPostprocessing = 0;
		};
/* End PBXResourcesBuildPhase section */

/* Begin PBXShellScriptBuildPhase section */
		D552D59528EEEAA10086F205 /* SwiftLint */ = {
			isa = PBXShellScriptBuildPhase;
			alwaysOutOfDate = 1;
			buildActionMask = 2147483647;
			files = (
			);
			inputFileListPaths = (
			);
			inputPaths = (
			);
			name = SwiftLint;
			outputFileListPaths = (
			);
			outputPaths = (
			);
			runOnlyForDeploymentPostprocessing = 0;
			shellPath = /bin/sh;
			shellScript = "export PATH=\"$PATH:/opt/homebrew/bin\"\nif which swiftlint > /dev/null; then\n  swiftlint\nelse\n  echo \"warning: SwiftLint not installed, download from https://github.com/realm/SwiftLint\"\nfi\n";
		};
/* End PBXShellScriptBuildPhase section */

/* Begin PBXSourcesBuildPhase section */
		D552D57928EEEA3F0086F205 /* Sources */ = {
			isa = PBXSourcesBuildPhase;
			buildActionMask = 2147483647;
			files = (
				D552D5A128EF78A70086F205 /* ImageInfoViewController.swift in Sources */,
				D552D59928EF18FE0086F205 /* SessionsViewController.swift in Sources */,
				D552D59D28EF19D00086F205 /* SearchViewController.swift in Sources */,
				D552D58528EEEA3F0086F205 /* ShopViewController.swift in Sources */,
				D552D59F28EF19DB0086F205 /* BagViewController.swift in Sources */,
				D552D59B28EF19740086F205 /* ForYouViewController.swift in Sources */,
				D552D58128EEEA3F0086F205 /* AppDelegate.swift in Sources */,
				D562E6B228F223950022F271 /* Product.swift in Sources */,
				D562E6B728F4705A0022F271 /* OnlineStoreViewController.swift in Sources */,
				D552D59728EF16910086F205 /* StoreTabBarViewController.swift in Sources */,
				D552D58328EEEA3F0086F205 /* SceneDelegate.swift in Sources */,
			);
			runOnlyForDeploymentPostprocessing = 0;
		};
/* End PBXSourcesBuildPhase section */

/* Begin PBXVariantGroup section */
		D552D58B28EEEA410086F205 /* LaunchScreen.storyboard */ = {
			isa = PBXVariantGroup;
			children = (
				D552D58C28EEEA410086F205 /* Base */,
			);
			name = LaunchScreen.storyboard;
			sourceTree = "<group>";
		};
/* End PBXVariantGroup section */

/* Begin XCBuildConfiguration section */
		D552D58F28EEEA410086F205 /* Debug */ = {
			isa = XCBuildConfiguration;
			buildSettings = {
				ALWAYS_SEARCH_USER_PATHS = NO;
				CLANG_ANALYZER_NONNULL = YES;
				CLANG_ANALYZER_NUMBER_OBJECT_CONVERSION = YES_AGGRESSIVE;
				CLANG_CXX_LANGUAGE_STANDARD = "gnu++20";
				CLANG_ENABLE_MODULES = YES;
				CLANG_ENABLE_OBJC_ARC = YES;
				CLANG_ENABLE_OBJC_WEAK = YES;
				CLANG_WARN_BLOCK_CAPTURE_AUTORELEASING = YES;
				CLANG_WARN_BOOL_CONVERSION = YES;
				CLANG_WARN_COMMA = YES;
				CLANG_WARN_CONSTANT_CONVERSION = YES;
				CLANG_WARN_DEPRECATED_OBJC_IMPLEMENTATIONS = YES;
				CLANG_WARN_DIRECT_OBJC_ISA_USAGE = YES_ERROR;
				CLANG_WARN_DOCUMENTATION_COMMENTS = YES;
				CLANG_WARN_EMPTY_BODY = YES;
				CLANG_WARN_ENUM_CONVERSION = YES;
				CLANG_WARN_INFINITE_RECURSION = YES;
				CLANG_WARN_INT_CONVERSION = YES;
				CLANG_WARN_NON_LITERAL_NULL_CONVERSION = YES;
				CLANG_WARN_OBJC_IMPLICIT_RETAIN_SELF = YES;
				CLANG_WARN_OBJC_LITERAL_CONVERSION = YES;
				CLANG_WARN_OBJC_ROOT_CLASS = YES_ERROR;
				CLANG_WARN_QUOTED_INCLUDE_IN_FRAMEWORK_HEADER = YES;
				CLANG_WARN_RANGE_LOOP_ANALYSIS = YES;
				CLANG_WARN_STRICT_PROTOTYPES = YES;
				CLANG_WARN_SUSPICIOUS_MOVE = YES;
				CLANG_WARN_UNGUARDED_AVAILABILITY = YES_AGGRESSIVE;
				CLANG_WARN_UNREACHABLE_CODE = YES;
				CLANG_WARN__DUPLICATE_METHOD_MATCH = YES;
				COPY_PHASE_STRIP = NO;
				DEBUG_INFORMATION_FORMAT = dwarf;
				ENABLE_STRICT_OBJC_MSGSEND = YES;
				ENABLE_TESTABILITY = YES;
				GCC_C_LANGUAGE_STANDARD = gnu11;
				GCC_DYNAMIC_NO_PIC = NO;
				GCC_NO_COMMON_BLOCKS = YES;
				GCC_OPTIMIZATION_LEVEL = 0;
				GCC_PREPROCESSOR_DEFINITIONS = (
					"DEBUG=1",
					"$(inherited)",
				);
				GCC_WARN_64_TO_32_BIT_CONVERSION = YES;
				GCC_WARN_ABOUT_RETURN_TYPE = YES_ERROR;
				GCC_WARN_UNDECLARED_SELECTOR = YES;
				GCC_WARN_UNINITIALIZED_AUTOS = YES_AGGRESSIVE;
				GCC_WARN_UNUSED_FUNCTION = YES;
				GCC_WARN_UNUSED_VARIABLE = YES;
				IPHONEOS_DEPLOYMENT_TARGET = 16.0;
				MTL_ENABLE_DEBUG_INFO = INCLUDE_SOURCE;
				MTL_FAST_MATH = YES;
				ONLY_ACTIVE_ARCH = YES;
				SDKROOT = iphoneos;
				SWIFT_ACTIVE_COMPILATION_CONDITIONS = DEBUG;
				SWIFT_OPTIMIZATION_LEVEL = "-Onone";
			};
			name = Debug;
		};
		D552D59028EEEA410086F205 /* Release */ = {
			isa = XCBuildConfiguration;
			buildSettings = {
				ALWAYS_SEARCH_USER_PATHS = NO;
				CLANG_ANALYZER_NONNULL = YES;
				CLANG_ANALYZER_NUMBER_OBJECT_CONVERSION = YES_AGGRESSIVE;
				CLANG_CXX_LANGUAGE_STANDARD = "gnu++20";
				CLANG_ENABLE_MODULES = YES;
				CLANG_ENABLE_OBJC_ARC = YES;
				CLANG_ENABLE_OBJC_WEAK = YES;
				CLANG_WARN_BLOCK_CAPTURE_AUTORELEASING = YES;
				CLANG_WARN_BOOL_CONVERSION = YES;
				CLANG_WARN_COMMA = YES;
				CLANG_WARN_CONSTANT_CONVERSION = YES;
				CLANG_WARN_DEPRECATED_OBJC_IMPLEMENTATIONS = YES;
				CLANG_WARN_DIRECT_OBJC_ISA_USAGE = YES_ERROR;
				CLANG_WARN_DOCUMENTATION_COMMENTS = YES;
				CLANG_WARN_EMPTY_BODY = YES;
				CLANG_WARN_ENUM_CONVERSION = YES;
				CLANG_WARN_INFINITE_RECURSION = YES;
				CLANG_WARN_INT_CONVERSION = YES;
				CLANG_WARN_NON_LITERAL_NULL_CONVERSION = YES;
				CLANG_WARN_OBJC_IMPLICIT_RETAIN_SELF = YES;
				CLANG_WARN_OBJC_LITERAL_CONVERSION = YES;
				CLANG_WARN_OBJC_ROOT_CLASS = YES_ERROR;
				CLANG_WARN_QUOTED_INCLUDE_IN_FRAMEWORK_HEADER = YES;
				CLANG_WARN_RANGE_LOOP_ANALYSIS = YES;
				CLANG_WARN_STRICT_PROTOTYPES = YES;
				CLANG_WARN_SUSPICIOUS_MOVE = YES;
				CLANG_WARN_UNGUARDED_AVAILABILITY = YES_AGGRESSIVE;
				CLANG_WARN_UNREACHABLE_CODE = YES;
				CLANG_WARN__DUPLICATE_METHOD_MATCH = YES;
				COPY_PHASE_STRIP = NO;
				DEBUG_INFORMATION_FORMAT = "dwarf-with-dsym";
				ENABLE_NS_ASSERTIONS = NO;
				ENABLE_STRICT_OBJC_MSGSEND = YES;
				GCC_C_LANGUAGE_STANDARD = gnu11;
				GCC_NO_COMMON_BLOCKS = YES;
				GCC_WARN_64_TO_32_BIT_CONVERSION = YES;
				GCC_WARN_ABOUT_RETURN_TYPE = YES_ERROR;
				GCC_WARN_UNDECLARED_SELECTOR = YES;
				GCC_WARN_UNINITIALIZED_AUTOS = YES_AGGRESSIVE;
				GCC_WARN_UNUSED_FUNCTION = YES;
				GCC_WARN_UNUSED_VARIABLE = YES;
				IPHONEOS_DEPLOYMENT_TARGET = 16.0;
				MTL_ENABLE_DEBUG_INFO = NO;
				MTL_FAST_MATH = YES;
				SDKROOT = iphoneos;
				SWIFT_COMPILATION_MODE = wholemodule;
				SWIFT_OPTIMIZATION_LEVEL = "-O";
				VALIDATE_PRODUCT = YES;
			};
			name = Release;
		};
		D552D59228EEEA410086F205 /* Debug */ = {
			isa = XCBuildConfiguration;
			buildSettings = {
				ASSETCATALOG_COMPILER_APPICON_NAME = AppIcon;
				ASSETCATALOG_COMPILER_GLOBAL_ACCENT_COLOR_NAME = AccentColor;
				CODE_SIGN_STYLE = Automatic;
				CURRENT_PROJECT_VERSION = 1;
				DEVELOPMENT_TEAM = KCR277F8KP;
				GENERATE_INFOPLIST_FILE = YES;
				INFOPLIST_FILE = AppleStore/Info.plist;
				INFOPLIST_KEY_UIApplicationSupportsIndirectInputEvents = YES;
				INFOPLIST_KEY_UILaunchStoryboardName = LaunchScreen;
				INFOPLIST_KEY_UISupportedInterfaceOrientations_iPad = "UIInterfaceOrientationPortrait UIInterfaceOrientationPortraitUpsideDown UIInterfaceOrientationLandscapeLeft UIInterfaceOrientationLandscapeRight";
				INFOPLIST_KEY_UISupportedInterfaceOrientations_iPhone = "UIInterfaceOrientationPortrait UIInterfaceOrientationLandscapeLeft UIInterfaceOrientationLandscapeRight";
				LD_RUNPATH_SEARCH_PATHS = (
					"$(inherited)",
					"@executable_path/Frameworks",
				);
				MARKETING_VERSION = 1.0;
				PRODUCT_BUNDLE_IDENTIFIER = "suprun1212-gmail.com.AppleStore";
				PRODUCT_NAME = "$(TARGET_NAME)";
				SWIFT_EMIT_LOC_STRINGS = YES;
				SWIFT_VERSION = 5.0;
				TARGETED_DEVICE_FAMILY = "1,2";
			};
			name = Debug;
		};
		D552D59328EEEA410086F205 /* Release */ = {
			isa = XCBuildConfiguration;
			buildSettings = {
				ASSETCATALOG_COMPILER_APPICON_NAME = AppIcon;
				ASSETCATALOG_COMPILER_GLOBAL_ACCENT_COLOR_NAME = AccentColor;
				CODE_SIGN_STYLE = Automatic;
				CURRENT_PROJECT_VERSION = 1;
				DEVELOPMENT_TEAM = KCR277F8KP;
				GENERATE_INFOPLIST_FILE = YES;
				INFOPLIST_FILE = AppleStore/Info.plist;
				INFOPLIST_KEY_UIApplicationSupportsIndirectInputEvents = YES;
				INFOPLIST_KEY_UILaunchStoryboardName = LaunchScreen;
				INFOPLIST_KEY_UISupportedInterfaceOrientations_iPad = "UIInterfaceOrientationPortrait UIInterfaceOrientationPortraitUpsideDown UIInterfaceOrientationLandscapeLeft UIInterfaceOrientationLandscapeRight";
				INFOPLIST_KEY_UISupportedInterfaceOrientations_iPhone = "UIInterfaceOrientationPortrait UIInterfaceOrientationLandscapeLeft UIInterfaceOrientationLandscapeRight";
				LD_RUNPATH_SEARCH_PATHS = (
					"$(inherited)",
					"@executable_path/Frameworks",
				);
				MARKETING_VERSION = 1.0;
				PRODUCT_BUNDLE_IDENTIFIER = "suprun1212-gmail.com.AppleStore";
				PRODUCT_NAME = "$(TARGET_NAME)";
				SWIFT_EMIT_LOC_STRINGS = YES;
				SWIFT_VERSION = 5.0;
				TARGETED_DEVICE_FAMILY = "1,2";
			};
			name = Release;
		};
/* End XCBuildConfiguration section */

/* Begin XCConfigurationList section */
		D552D57828EEEA3F0086F205 /* Build configuration list for PBXProject "AppleStore" */ = {
			isa = XCConfigurationList;
			buildConfigurations = (
				D552D58F28EEEA410086F205 /* Debug */,
				D552D59028EEEA410086F205 /* Release */,
			);
			defaultConfigurationIsVisible = 0;
			defaultConfigurationName = Release;
		};
		D552D59128EEEA410086F205 /* Build configuration list for PBXNativeTarget "AppleStore" */ = {
			isa = XCConfigurationList;
			buildConfigurations = (
				D552D59228EEEA410086F205 /* Debug */,
				D552D59328EEEA410086F205 /* Release */,
			);
			defaultConfigurationIsVisible = 0;
			defaultConfigurationName = Release;
		};
/* End XCConfigurationList section */
	};
	rootObject = D552D57528EEEA3F0086F205 /* Project object */;
}
